
Microsoft Visual Studio Solution File, Format Version 12.00
# Visual Studio Version 17
VisualStudioVersion = 17.4.33213.308
MinimumVisualStudioVersion = 10.0.40219.1
Project("{FAE04EC0-301F-11D3-BF4B-00C04F79EFBC}") = "GestaoEstoqueRN", "GestaoEstoqueRN\GestaoEstoqueRN.csproj", "{5E29D0CA-5636-4D81-81EF-56800C5AD77F}"
EndProject
Global
	GlobalSection(SolutionConfigurationPlatforms) = preSolution
		Debug|Any CPU = Debug|Any CPU
		Release|Any CPU = Release|Any CPU
	EndGlobalSection
	GlobalSection(ProjectConfigurationPlatforms) = postSolution
		{5E29D0CA-5636-4D81-81EF-56800C5AD77F}.Debug|Any CPU.ActiveCfg = Debug|Any CPU
		{5E29D0CA-5636-4D81-81EF-56800C5AD77F}.Debug|Any CPU.Build.0 = Debug|Any CPU
		{5E29D0CA-5636-4D81-81EF-56800C5AD77F}.Release|Any CPU.ActiveCfg = Release|Any CPU
		{5E29D0CA-5636-4D81-81EF-56800C5AD77F}.Release|Any CPU.Build.0 = Release|Any CPU
	EndGlobalSection
	GlobalSection(SolutionProperties) = preSolution
		HideSolutionNode = FALSE
	EndGlobalSection
	GlobalSection(ExtensibilityGlobals) = postSolution
		SolutionGuid = {BCF572F0-4C3C-49DC-820A-C1DB9612EDF9}
	EndGlobalSection
EndGlobal
